dependencies:
- name: tp-tibtunnel
  repository: ""
  version: 1.0.*
- name: tp-provisioner-agent
  repository: ""
  version: 1.0.*
- name: haproxy-ingress
  repository: ""
  version: v0.14.0
digest: sha256:bef6482bfdd38c2c14b9f8bc0394aba97d7264f8eb9b7bea2b3af8de90e67433
generated: "2023-02-10T13:29:21.564427-06:00"
