dependencies:
- name: tp-tibtunnel
  version: 1.0.25
  repository: ""
- name: tp-provisioner-agent
  version: 1.0.133
  repository: ""
- name: tp-cp-proxy
  version: 1.0.29
  repository: ""
- name: haproxy-ingress
  repository: ""
  version: v0.14.0
digest: sha256:09e52c04472074eba98cf70c3575a35e93948c866ff2b0071ebdb2b315626295
generated: "2023-06-15T08:31:02.928369754+05:30"
